# THIS IS AN AUTOGENERATED FILE. DO NOT EDIT THIS FILE DIRECTLY.
# yarn lockfile v1


axe-core@^3.0.0:
  version "3.1.2"
  resolved "https://registry.yarnpkg.com/axe-core/-/axe-core-3.1.2.tgz#ca0aff897ebefca7552f97859dc1217c06c4f9e6"
  integrity sha512-e1WVs0SQu3tM29J9a/mISGvlo2kdCStE+yffIAJF6eb42FS+eUFEVz9j4rgDeV2TAfPJmuOZdRetWYycIbK7Vg==

prettier@^1.16.1:
  version "1.16.1"
  resolved "https://registry.yarnpkg.com/prettier/-/prettier-1.16.1.tgz#534c2c9d7853f8845e5e078384e71973bd74089f"
  integrity sha512-XXUITwIkGb3CPJ2hforHah/zTINRyie5006Jd2HKy2qz7snEJXl0KLfsJZW/wst9g6R2rFvqba3VpNYdu1hDcA==

react-axe@^3.0.2:
  version "3.0.2"
  resolved "https://registry.yarnpkg.com/react-axe/-/react-axe-3.0.2.tgz#91e4265b665dd1f45cf3d0254a90c72ff6fd88cb"
  integrity sha512-cYuxIyOVhZ0kF54V4LMTE33B/ATTzcZtIlU7F7XhP7/gBDWvkxsfjq1oAMLolvI2OhNNivNFEIIJa/rhYj96Pw==
  dependencies:
    axe-core "^3.0.0"
